// !$*UTF8*$!
{
	archiveVersion = 1;
	classes = {
	};
	objectVersion = 48;
	objects = {

/* Begin PBXBuildFile section */
		010BA03220512896001F8D44 /* RegistrationViewController.swift in Sources */ = {isa = PBXBuildFile; fileRef = 010BA03120512896001F8D44 /* RegistrationViewController.swift */; };
		010BA034205128B7001F8D44 /* Toolbar.swift in Sources */ = {isa = PBXBuildFile; fileRef = 010BA033205128B7001F8D44 /* Toolbar.swift */; };
		010BA036205147CB001F8D44 /* Mailer.swift in Sources */ = {isa = PBXBuildFile; fileRef = 010BA035205147CB001F8D44 /* Mailer.swift */; };
		014350C9204FF6BC00512602 /* Authentication.storyboard in Resources */ = {isa = PBXBuildFile; fileRef = 014350C8204FF6BC00512602 /* Authentication.storyboard */; };
		014350D720503DD600512602 /* Attendance.swift in Sources */ = {isa = PBXBuildFile; fileRef = 014350D520503DD600512602 /* Attendance.swift */; };
		014350D820503DD600512602 /* User.swift in Sources */ = {isa = PBXBuildFile; fileRef = 014350D620503DD600512602 /* User.swift */; };
		014350DB20503FA500512602 /* Notification.xib in Resources */ = {isa = PBXBuildFile; fileRef = 014350DA20503FA500512602 /* Notification.xib */; };
		014350DD2050420300512602 /* NotificationView.swift in Sources */ = {isa = PBXBuildFile; fileRef = 014350DC2050420300512602 /* NotificationView.swift */; };
		016A5D87204F90A200F99270 /* AppDelegate.swift in Sources */ = {isa = PBXBuildFile; fileRef = 016A5D86204F90A200F99270 /* AppDelegate.swift */; };
		016A5D89204F90A200F99270 /* ViewController.swift in Sources */ = {isa = PBXBuildFile; fileRef = 016A5D88204F90A200F99270 /* ViewController.swift */; };
		016A5D8E204F90A200F99270 /* Assets.xcassets in Resources */ = {isa = PBXBuildFile; fileRef = 016A5D8D204F90A200F99270 /* Assets.xcassets */; };
		01A409EB20505D0E00812123 /* CustomUITextField.swift in Sources */ = {isa = PBXBuildFile; fileRef = 01A409EA20505D0E00812123 /* CustomUITextField.swift */; };
		01E8C03B204F914B003BF95C /* README.md in Resources */ = {isa = PBXBuildFile; fileRef = 01E8C03A204F914B003BF95C /* README.md */; };
		01E8C03D204F9154003BF95C /* .gitignore in Resources */ = {isa = PBXBuildFile; fileRef = 01E8C03C204F9153003BF95C /* .gitignore */; };
		01E8C041204F9168003BF95C /* GoogleService-Info.plist in Resources */ = {isa = PBXBuildFile; fileRef = 01E8C040204F9168003BF95C /* GoogleService-Info.plist */; };
		01F51FAE2058F761000EE4FC /* Cache.swift in Sources */ = {isa = PBXBuildFile; fileRef = 01F51FAD2058F761000EE4FC /* Cache.swift */; };
		5509CB0F204FCE0A00A87E88 /* CoverageAreaView.xib in Resources */ = {isa = PBXBuildFile; fileRef = 5509CB05204FCE0A00A87E88 /* CoverageAreaView.xib */; };
		5509CB10204FCE0A00A87E88 /* Attendance.storyboard in Resources */ = {isa = PBXBuildFile; fileRef = 5509CB06204FCE0A00A87E88 /* Attendance.storyboard */; };
		5509CB11204FCE0A00A87E88 /* LaunchScreen.storyboard in Resources */ = {isa = PBXBuildFile; fileRef = 5509CB07204FCE0A00A87E88 /* LaunchScreen.storyboard */; };
		5509CB12204FCE0A00A87E88 /* Main.storyboard in Resources */ = {isa = PBXBuildFile; fileRef = 5509CB09204FCE0A00A87E88 /* Main.storyboard */; };
		5509CB13204FCE0A00A87E88 /* News.storyboard in Resources */ = {isa = PBXBuildFile; fileRef = 5509CB0C204FCE0A00A87E88 /* News.storyboard */; };
		5509CB14204FCE0A00A87E88 /* History.storyboard in Resources */ = {isa = PBXBuildFile; fileRef = 5509CB0E204FCE0A00A87E88 /* History.storyboard */; };
		5509CB22204FCE4F00A87E88 /* BaseController.swift in Sources */ = {isa = PBXBuildFile; fileRef = 5509CB16204FCE4F00A87E88 /* BaseController.swift */; };
		5509CB23204FCE4F00A87E88 /* CoverageAreaView.swift in Sources */ = {isa = PBXBuildFile; fileRef = 5509CB19204FCE4F00A87E88 /* CoverageAreaView.swift */; };
		5509CB24204FCE4F00A87E88 /* AttendanceViewController.swift in Sources */ = {isa = PBXBuildFile; fileRef = 5509CB1A204FCE4F00A87E88 /* AttendanceViewController.swift */; };
		5509CB25204FCE4F00A87E88 /* RootTabBarController.swift in Sources */ = {isa = PBXBuildFile; fileRef = 5509CB1B204FCE4F00A87E88 /* RootTabBarController.swift */; };
		5509CB26204FCE4F00A87E88 /* NewsViewController.swift in Sources */ = {isa = PBXBuildFile; fileRef = 5509CB1D204FCE4F00A87E88 /* NewsViewController.swift */; };
		5509CB27204FCE4F00A87E88 /* HistoryViewController.swift in Sources */ = {isa = PBXBuildFile; fileRef = 5509CB1F204FCE4F00A87E88 /* HistoryViewController.swift */; };
		5509CB28204FCE4F00A87E88 /* LoginViewController.swift in Sources */ = {isa = PBXBuildFile; fileRef = 5509CB21204FCE4F00A87E88 /* LoginViewController.swift */; };
		5509CB2C204FCE5E00A87E88 /* Color.swift in Sources */ = {isa = PBXBuildFile; fileRef = 5509CB2A204FCE5E00A87E88 /* Color.swift */; };
		5509CB2D204FCE5E00A87E88 /* Identifier.swift in Sources */ = {isa = PBXBuildFile; fileRef = 5509CB2B204FCE5E00A87E88 /* Identifier.swift */; };
		5509CB32204FCE6600A87E88 /* Color+Hex.swift in Sources */ = {isa = PBXBuildFile; fileRef = 5509CB2F204FCE6600A87E88 /* Color+Hex.swift */; };
		5509CB33204FCE6600A87E88 /* UINib+Loader.swift in Sources */ = {isa = PBXBuildFile; fileRef = 5509CB30204FCE6600A87E88 /* UINib+Loader.swift */; };
		5509CB34204FCE6600A87E88 /* View+Shadow.swift in Sources */ = {isa = PBXBuildFile; fileRef = 5509CB31204FCE6600A87E88 /* View+Shadow.swift */; };
		5509CB36204FCF1800A87E88 /* Beacon.swift in Sources */ = {isa = PBXBuildFile; fileRef = 5509CB35204FCF1800A87E88 /* Beacon.swift */; };
		5509CB38204FEB3700A87E88 /* Message.swift in Sources */ = {isa = PBXBuildFile; fileRef = 5509CB37204FEB3700A87E88 /* Message.swift */; };
		5509CB3B20500E2800A87E88 /* LoadingIndicator.swift in Sources */ = {isa = PBXBuildFile; fileRef = 5509CB3A20500E2800A87E88 /* LoadingIndicator.swift */; };
		5509CB3D20500ECE00A87E88 /* ClockInOutView.xib in Resources */ = {isa = PBXBuildFile; fileRef = 5509CB3C20500ECE00A87E88 /* ClockInOutView.xib */; };
		5509CB3F2050158300A87E88 /* ClockInOutView.swift in Sources */ = {isa = PBXBuildFile; fileRef = 5509CB3E2050158300A87E88 /* ClockInOutView.swift */; };
		55A5898C2050EE2100266380 /* CommonCrypto.framework in Frameworks */ = {isa = PBXBuildFile; fileRef = 55A5898B2050EE2100266380 /* CommonCrypto.framework */; };
		55A589902050F1D600266380 /* Encryption.swift in Sources */ = {isa = PBXBuildFile; fileRef = 55A5898F2050F1D600266380 /* Encryption.swift */; };
		55A589922050F1FB00266380 /* NSData+String.swift in Sources */ = {isa = PBXBuildFile; fileRef = 55A589912050F1FB00266380 /* NSData+String.swift */; };
		55A589942050F23700266380 /* TripleDesEncryptor.swift in Sources */ = {isa = PBXBuildFile; fileRef = 55A589932050F23700266380 /* TripleDesEncryptor.swift */; };
		55A5899620510B2700266380 /* FaceID.swift in Sources */ = {isa = PBXBuildFile; fileRef = 55A5899520510B2700266380 /* FaceID.swift */; };
		55A589982051159500266380 /* Date+Format.swift in Sources */ = {isa = PBXBuildFile; fileRef = 55A589972051159500266380 /* Date+Format.swift */; };
		55A5899B20511EE500266380 /* NotesView.xib in Resources */ = {isa = PBXBuildFile; fileRef = 55A5899A20511EE500266380 /* NotesView.xib */; };
		55A5899D2051240300266380 /* NotesView.swift in Sources */ = {isa = PBXBuildFile; fileRef = 55A5899C2051240300266380 /* NotesView.swift */; };
		55A589A1205135AE00266380 /* Responder+byPass.swift in Sources */ = {isa = PBXBuildFile; fileRef = 55A589A0205135AE00266380 /* Responder+byPass.swift */; };
		55AA78932057F2CE00FE07F0 /* NetworkProcessor.swift in Sources */ = {isa = PBXBuildFile; fileRef = 55AA78922057F2CE00FE07F0 /* NetworkProcessor.swift */; };
		55AFAB05205B72BF003AF3EF /* MiniToLargeViewAnimator.swift in Sources */ = {isa = PBXBuildFile; fileRef = 55AFAB04205B72BF003AF3EF /* MiniToLargeViewAnimator.swift */; };
		55AFAB07205B7318003AF3EF /* MiniToLargeViewInteractive.swift in Sources */ = {isa = PBXBuildFile; fileRef = 55AFAB06205B7318003AF3EF /* MiniToLargeViewInteractive.swift */; };
		55AFAB0B205B74D0003AF3EF /* DragableHistoryView.xib in Resources */ = {isa = PBXBuildFile; fileRef = 55AFAB0A205B74D0003AF3EF /* DragableHistoryView.xib */; };
		55AFAB0D205B761D003AF3EF /* DragableHistoryView.swift in Sources */ = {isa = PBXBuildFile; fileRef = 55AFAB0C205B761D003AF3EF /* DragableHistoryView.swift */; };
		55BF52992057FB0600AA1C87 /* BDDate.swift in Sources */ = {isa = PBXBuildFile; fileRef = 55BF52982057FB0600AA1C87 /* BDDate.swift */; };
		55BF529F2058FD9100AA1C87 /* Account.storyboard in Resources */ = {isa = PBXBuildFile; fileRef = 55BF529E2058FD9100AA1C87 /* Account.storyboard */; };
		55BF52A22058FE9900AA1C87 /* AccountViewController.swift in Sources */ = {isa = PBXBuildFile; fileRef = 55BF52A12058FE9900AA1C87 /* AccountViewController.swift */; };
		55BF52A4205B684200AA1C87 /* BaseAnimator.swift in Sources */ = {isa = PBXBuildFile; fileRef = 55BF52A3205B684200AA1C87 /* BaseAnimator.swift */; };
		CB425E7B4D3ED9A3D74BB1B4 /* Pods_Bada_apps.framework in Frameworks */ = {isa = PBXBuildFile; fileRef = BB4F00DB43031080465883FF /* Pods_Bada_apps.framework */; };
/* End PBXBuildFile section */

/* Begin PBXFileReference section */
		010BA03120512896001F8D44 /* RegistrationViewController.swift */ = {isa = PBXFileReference; lastKnownFileType = sourcecode.swift; path = RegistrationViewController.swift; sourceTree = "<group>"; };
		010BA033205128B7001F8D44 /* Toolbar.swift */ = {isa = PBXFileReference; lastKnownFileType = sourcecode.swift; path = Toolbar.swift; sourceTree = "<group>"; };
		010BA035205147CB001F8D44 /* Mailer.swift */ = {isa = PBXFileReference; lastKnownFileType = sourcecode.swift; path = Mailer.swift; sourceTree = "<group>"; };
		014350C8204FF6BC00512602 /* Authentication.storyboard */ = {isa = PBXFileReference; lastKnownFileType = file.storyboard; path = Authentication.storyboard; sourceTree = "<group>"; };
		014350D520503DD600512602 /* Attendance.swift */ = {isa = PBXFileReference; lastKnownFileType = sourcecode.swift; path = Attendance.swift; sourceTree = "<group>"; };
		014350D620503DD600512602 /* User.swift */ = {isa = PBXFileReference; lastKnownFileType = sourcecode.swift; path = User.swift; sourceTree = "<group>"; };
		014350DA20503FA500512602 /* Notification.xib */ = {isa = PBXFileReference; lastKnownFileType = file.xib; path = Notification.xib; sourceTree = "<group>"; };
		014350DC2050420300512602 /* NotificationView.swift */ = {isa = PBXFileReference; lastKnownFileType = sourcecode.swift; path = NotificationView.swift; sourceTree = "<group>"; };
		016A5D83204F90A200F99270 /* Bada-apps.app */ = {isa = PBXFileReference; explicitFileType = wrapper.application; includeInIndex = 0; path = "Bada-apps.app"; sourceTree = BUILT_PRODUCTS_DIR; };
		016A5D86204F90A200F99270 /* AppDelegate.swift */ = {isa = PBXFileReference; lastKnownFileType = sourcecode.swift; path = AppDelegate.swift; sourceTree = "<group>"; };
		016A5D88204F90A200F99270 /* ViewController.swift */ = {isa = PBXFileReference; lastKnownFileType = sourcecode.swift; path = ViewController.swift; sourceTree = "<group>"; };
		016A5D8D204F90A200F99270 /* Assets.xcassets */ = {isa = PBXFileReference; lastKnownFileType = folder.assetcatalog; path = Assets.xcassets; sourceTree = "<group>"; };
		016A5D92204F90A200F99270 /* Info.plist */ = {isa = PBXFileReference; lastKnownFileType = text.plist.xml; path = Info.plist; sourceTree = "<group>"; };
		01A409EA20505D0E00812123 /* CustomUITextField.swift */ = {isa = PBXFileReference; lastKnownFileType = sourcecode.swift; path = CustomUITextField.swift; sourceTree = "<group>"; };
		01E8C03A204F914B003BF95C /* README.md */ = {isa = PBXFileReference; fileEncoding = 4; lastKnownFileType = net.daringfireball.markdown; path = README.md; sourceTree = "<group>"; };
		01E8C03C204F9153003BF95C /* .gitignore */ = {isa = PBXFileReference; fileEncoding = 4; lastKnownFileType = text; path = .gitignore; sourceTree = "<group>"; };
		01E8C040204F9168003BF95C /* GoogleService-Info.plist */ = {isa = PBXFileReference; fileEncoding = 4; lastKnownFileType = text.plist.xml; path = "GoogleService-Info.plist"; sourceTree = "<group>"; };
		01F51FAD2058F761000EE4FC /* Cache.swift */ = {isa = PBXFileReference; lastKnownFileType = sourcecode.swift; path = Cache.swift; sourceTree = "<group>"; };
		5509CB05204FCE0A00A87E88 /* CoverageAreaView.xib */ = {isa = PBXFileReference; fileEncoding = 4; lastKnownFileType = file.xib; path = CoverageAreaView.xib; sourceTree = "<group>"; };
		5509CB06204FCE0A00A87E88 /* Attendance.storyboard */ = {isa = PBXFileReference; fileEncoding = 4; lastKnownFileType = file.storyboard; path = Attendance.storyboard; sourceTree = "<group>"; };
		5509CB08204FCE0A00A87E88 /* Base */ = {isa = PBXFileReference; lastKnownFileType = file.storyboard; name = Base; path = Base.lproj/LaunchScreen.storyboard; sourceTree = "<group>"; };
		5509CB0A204FCE0A00A87E88 /* Base */ = {isa = PBXFileReference; lastKnownFileType = file.storyboard; name = Base; path = Base.lproj/Main.storyboard; sourceTree = "<group>"; };
		5509CB0C204FCE0A00A87E88 /* News.storyboard */ = {isa = PBXFileReference; fileEncoding = 4; lastKnownFileType = file.storyboard; path = News.storyboard; sourceTree = "<group>"; };
		5509CB0E204FCE0A00A87E88 /* History.storyboard */ = {isa = PBXFileReference; fileEncoding = 4; lastKnownFileType = file.storyboard; path = History.storyboard; sourceTree = "<group>"; };
		5509CB16204FCE4F00A87E88 /* BaseController.swift */ = {isa = PBXFileReference; fileEncoding = 4; lastKnownFileType = sourcecode.swift; path = BaseController.swift; sourceTree = "<group>"; };
		5509CB19204FCE4F00A87E88 /* CoverageAreaView.swift */ = {isa = PBXFileReference; fileEncoding = 4; lastKnownFileType = sourcecode.swift; path = CoverageAreaView.swift; sourceTree = "<group>"; };
		5509CB1A204FCE4F00A87E88 /* AttendanceViewController.swift */ = {isa = PBXFileReference; fileEncoding = 4; lastKnownFileType = sourcecode.swift; path = AttendanceViewController.swift; sourceTree = "<group>"; };
		5509CB1B204FCE4F00A87E88 /* RootTabBarController.swift */ = {isa = PBXFileReference; fileEncoding = 4; lastKnownFileType = sourcecode.swift; path = RootTabBarController.swift; sourceTree = "<group>"; };
		5509CB1D204FCE4F00A87E88 /* NewsViewController.swift */ = {isa = PBXFileReference; fileEncoding = 4; lastKnownFileType = sourcecode.swift; path = NewsViewController.swift; sourceTree = "<group>"; };
		5509CB1F204FCE4F00A87E88 /* HistoryViewController.swift */ = {isa = PBXFileReference; fileEncoding = 4; lastKnownFileType = sourcecode.swift; path = HistoryViewController.swift; sourceTree = "<group>"; };
		5509CB21204FCE4F00A87E88 /* LoginViewController.swift */ = {isa = PBXFileReference; fileEncoding = 4; lastKnownFileType = sourcecode.swift; path = LoginViewController.swift; sourceTree = "<group>"; };
		5509CB2A204FCE5E00A87E88 /* Color.swift */ = {isa = PBXFileReference; fileEncoding = 4; lastKnownFileType = sourcecode.swift; path = Color.swift; sourceTree = "<group>"; };
		5509CB2B204FCE5E00A87E88 /* Identifier.swift */ = {isa = PBXFileReference; fileEncoding = 4; lastKnownFileType = sourcecode.swift; path = Identifier.swift; sourceTree = "<group>"; };
		5509CB2F204FCE6600A87E88 /* Color+Hex.swift */ = {isa = PBXFileReference; fileEncoding = 4; lastKnownFileType = sourcecode.swift; path = "Color+Hex.swift"; sourceTree = "<group>"; };
		5509CB30204FCE6600A87E88 /* UINib+Loader.swift */ = {isa = PBXFileReference; fileEncoding = 4; lastKnownFileType = sourcecode.swift; path = "UINib+Loader.swift"; sourceTree = "<group>"; };
		5509CB31204FCE6600A87E88 /* View+Shadow.swift */ = {isa = PBXFileReference; fileEncoding = 4; lastKnownFileType = sourcecode.swift; path = "View+Shadow.swift"; sourceTree = "<group>"; };
		5509CB35204FCF1800A87E88 /* Beacon.swift */ = {isa = PBXFileReference; lastKnownFileType = sourcecode.swift; path = Beacon.swift; sourceTree = "<group>"; };
		5509CB37204FEB3700A87E88 /* Message.swift */ = {isa = PBXFileReference; lastKnownFileType = sourcecode.swift; path = Message.swift; sourceTree = "<group>"; };
		5509CB3A20500E2800A87E88 /* LoadingIndicator.swift */ = {isa = PBXFileReference; fileEncoding = 4; lastKnownFileType = sourcecode.swift; path = LoadingIndicator.swift; sourceTree = "<group>"; };
		5509CB3C20500ECE00A87E88 /* ClockInOutView.xib */ = {isa = PBXFileReference; lastKnownFileType = file.xib; path = ClockInOutView.xib; sourceTree = "<group>"; };
		5509CB3E2050158300A87E88 /* ClockInOutView.swift */ = {isa = PBXFileReference; lastKnownFileType = sourcecode.swift; path = ClockInOutView.swift; sourceTree = "<group>"; };
		55A5898B2050EE2100266380 /* CommonCrypto.framework */ = {isa = PBXFileReference; lastKnownFileType = wrapper.framework; name = CommonCrypto.framework; path = Carthage/Build/iOS/CommonCrypto.framework; sourceTree = "<group>"; };
		55A5898F2050F1D600266380 /* Encryption.swift */ = {isa = PBXFileReference; lastKnownFileType = sourcecode.swift; path = Encryption.swift; sourceTree = "<group>"; };
		55A589912050F1FB00266380 /* NSData+String.swift */ = {isa = PBXFileReference; fileEncoding = 4; lastKnownFileType = sourcecode.swift; path = "NSData+String.swift"; sourceTree = "<group>"; };
		55A589932050F23700266380 /* TripleDesEncryptor.swift */ = {isa = PBXFileReference; fileEncoding = 4; lastKnownFileType = sourcecode.swift; path = TripleDesEncryptor.swift; sourceTree = "<group>"; };
		55A5899520510B2700266380 /* FaceID.swift */ = {isa = PBXFileReference; lastKnownFileType = sourcecode.swift; path = FaceID.swift; sourceTree = "<group>"; };
		55A589972051159500266380 /* Date+Format.swift */ = {isa = PBXFileReference; lastKnownFileType = sourcecode.swift; path = "Date+Format.swift"; sourceTree = "<group>"; };
		55A5899A20511EE500266380 /* NotesView.xib */ = {isa = PBXFileReference; lastKnownFileType = file.xib; path = NotesView.xib; sourceTree = "<group>"; };
		55A5899C2051240300266380 /* NotesView.swift */ = {isa = PBXFileReference; lastKnownFileType = sourcecode.swift; path = NotesView.swift; sourceTree = "<group>"; };
		55A589A0205135AE00266380 /* Responder+byPass.swift */ = {isa = PBXFileReference; lastKnownFileType = sourcecode.swift; path = "Responder+byPass.swift"; sourceTree = "<group>"; };
		55AA78922057F2CE00FE07F0 /* NetworkProcessor.swift */ = {isa = PBXFileReference; fileEncoding = 4; lastKnownFileType = sourcecode.swift; path = NetworkProcessor.swift; sourceTree = "<group>"; };
		55AFAB04205B72BF003AF3EF /* MiniToLargeViewAnimator.swift */ = {isa = PBXFileReference; lastKnownFileType = sourcecode.swift; path = MiniToLargeViewAnimator.swift; sourceTree = "<group>"; };
		55AFAB06205B7318003AF3EF /* MiniToLargeViewInteractive.swift */ = {isa = PBXFileReference; lastKnownFileType = sourcecode.swift; path = MiniToLargeViewInteractive.swift; sourceTree = "<group>"; };
		55AFAB0A205B74D0003AF3EF /* DragableHistoryView.xib */ = {isa = PBXFileReference; lastKnownFileType = file.xib; path = DragableHistoryView.xib; sourceTree = "<group>"; };
		55AFAB0C205B761D003AF3EF /* DragableHistoryView.swift */ = {isa = PBXFileReference; lastKnownFileType = sourcecode.swift; path = DragableHistoryView.swift; sourceTree = "<group>"; };
		55BF52982057FB0600AA1C87 /* BDDate.swift */ = {isa = PBXFileReference; lastKnownFileType = sourcecode.swift; path = BDDate.swift; sourceTree = "<group>"; };
		55BF529E2058FD9100AA1C87 /* Account.storyboard */ = {isa = PBXFileReference; fileEncoding = 4; lastKnownFileType = file.storyboard; path = Account.storyboard; sourceTree = "<group>"; };
		55BF52A12058FE9900AA1C87 /* AccountViewController.swift */ = {isa = PBXFileReference; lastKnownFileType = sourcecode.swift; path = AccountViewController.swift; sourceTree = "<group>"; };
		55BF52A3205B684200AA1C87 /* BaseAnimator.swift */ = {isa = PBXFileReference; lastKnownFileType = sourcecode.swift; path = BaseAnimator.swift; sourceTree = "<group>"; };
		6A9B1A48B702F6F6A79A6D61 /* Pods-Bada-apps.debug.xcconfig */ = {isa = PBXFileReference; includeInIndex = 1; lastKnownFileType = text.xcconfig; name = "Pods-Bada-apps.debug.xcconfig"; path = "Pods/Target Support Files/Pods-Bada-apps/Pods-Bada-apps.debug.xcconfig"; sourceTree = "<group>"; };
		BB4F00DB43031080465883FF /* Pods_Bada_apps.framework */ = {isa = PBXFileReference; explicitFileType = wrapper.framework; includeInIndex = 0; path = Pods_Bada_apps.framework; sourceTree = BUILT_PRODUCTS_DIR; };
		F90989D1879C53958F9B2920 /* Pods-Bada-apps.release.xcconfig */ = {isa = PBXFileReference; includeInIndex = 1; lastKnownFileType = text.xcconfig; name = "Pods-Bada-apps.release.xcconfig"; path = "Pods/Target Support Files/Pods-Bada-apps/Pods-Bada-apps.release.xcconfig"; sourceTree = "<group>"; };
/* End PBXFileReference section */

/* Begin PBXFrameworksBuildPhase section */
		016A5D80204F90A200F99270 /* Frameworks */ = {
			isa = PBXFrameworksBuildPhase;
			buildActionMask = 2147483647;
			files = (
				CB425E7B4D3ED9A3D74BB1B4 /* Pods_Bada_apps.framework in Frameworks */,
				55A5898C2050EE2100266380 /* CommonCrypto.framework in Frameworks */,
			);
			runOnlyForDeploymentPostprocessing = 0;
		};
/* End PBXFrameworksBuildPhase section */

/* Begin PBXGroup section */
		014350D920503DDC00512602 /* Model */ = {
			isa = PBXGroup;
			children = (
				014350D520503DD600512602 /* Attendance.swift */,
				5509CB35204FCF1800A87E88 /* Beacon.swift */,
				014350D620503DD600512602 /* User.swift */,
				55BF52982057FB0600AA1C87 /* BDDate.swift */,
			);
			path = Model;
			sourceTree = "<group>";
		};
		016A5D7A204F90A200F99270 = {
			isa = PBXGroup;
			children = (
				01E8C03A204F914B003BF95C /* README.md */,
				01E8C03C204F9153003BF95C /* .gitignore */,
				016A5D85204F90A200F99270 /* Bada-apps */,
				016A5D84204F90A200F99270 /* Products */,
				30470825FED39B457A3AE20D /* Pods */,
				FAECD7D7CFBA22B8D7A3AE0E /* Frameworks */,
			);
			sourceTree = "<group>";
		};
		016A5D84204F90A200F99270 /* Products */ = {
			isa = PBXGroup;
			children = (
				016A5D83204F90A200F99270 /* Bada-apps.app */,
			);
			name = Products;
			sourceTree = "<group>";
		};
		016A5D85204F90A200F99270 /* Bada-apps */ = {
			isa = PBXGroup;
			children = (
				016A5D86204F90A200F99270 /* AppDelegate.swift */,
				016A5D88204F90A200F99270 /* ViewController.swift */,
				014350D920503DDC00512602 /* Model */,
				5509CB03204FCE0A00A87E88 /* View */,
				5509CB15204FCE4F00A87E88 /* Controller */,
				55A5898E2050F18E00266380 /* Utils */,
				5509CB29204FCE5E00A87E88 /* Value */,
				5509CB2E204FCE6600A87E88 /* Extension */,
				016A5D8D204F90A200F99270 /* Assets.xcassets */,
				01E8C040204F9168003BF95C /* GoogleService-Info.plist */,
				016A5D92204F90A200F99270 /* Info.plist */,
			);
			path = "Bada-apps";
			sourceTree = "<group>";
		};
		01DFF8882056E467001CB88D /* Coverage area */ = {
			isa = PBXGroup;
			children = (
				5509CB05204FCE0A00A87E88 /* CoverageAreaView.xib */,
				5509CB19204FCE4F00A87E88 /* CoverageAreaView.swift */,
			);
			path = "Coverage area";
			sourceTree = "<group>";
		};
		01DFF8892056E470001CB88D /* Clock in & out */ = {
			isa = PBXGroup;
			children = (
				5509CB3C20500ECE00A87E88 /* ClockInOutView.xib */,
				5509CB3E2050158300A87E88 /* ClockInOutView.swift */,
			);
			path = "Clock in & out";
			sourceTree = "<group>";
		};
		01DFF88A2056E95C001CB88D /* Notification */ = {
			isa = PBXGroup;
			children = (
				014350DA20503FA500512602 /* Notification.xib */,
				014350DC2050420300512602 /* NotificationView.swift */,
			);
			path = Notification;
			sourceTree = "<group>";
		};
		30470825FED39B457A3AE20D /* Pods */ = {
			isa = PBXGroup;
			children = (
				6A9B1A48B702F6F6A79A6D61 /* Pods-Bada-apps.debug.xcconfig */,
				F90989D1879C53958F9B2920 /* Pods-Bada-apps.release.xcconfig */,
			);
			name = Pods;
			sourceTree = "<group>";
		};
		5509CB03204FCE0A00A87E88 /* View */ = {
			isa = PBXGroup;
			children = (
				5509CB04204FCE0A00A87E88 /* Attendance */,
				5509CB0B204FCE0A00A87E88 /* News */,
				55BF529D2058FC3200AA1C87 /* Account */,
				5509CB3920500E1000A87E88 /* Helper */,
				5509CB07204FCE0A00A87E88 /* LaunchScreen.storyboard */,
				5509CB09204FCE0A00A87E88 /* Main.storyboard */,
				014350C8204FF6BC00512602 /* Authentication.storyboard */,
			);
			path = View;
			sourceTree = "<group>";
		};
		5509CB04204FCE0A00A87E88 /* Attendance */ = {
			isa = PBXGroup;
			children = (
				5509CB0D204FCE0A00A87E88 /* History */,
				01DFF8892056E470001CB88D /* Clock in & out */,
				01DFF8882056E467001CB88D /* Coverage area */,
				5509CB06204FCE0A00A87E88 /* Attendance.storyboard */,
			);
			path = Attendance;
			sourceTree = "<group>";
		};
		5509CB0B204FCE0A00A87E88 /* News */ = {
			isa = PBXGroup;
			children = (
				5509CB0C204FCE0A00A87E88 /* News.storyboard */,
			);
			path = News;
			sourceTree = "<group>";
		};
		5509CB0D204FCE0A00A87E88 /* History */ = {
			isa = PBXGroup;
			children = (
				55AFAB09205B748E003AF3EF /* DragableHistory */,
				55BF52A5205B684800AA1C87 /* Animation */,
				5509CB0E204FCE0A00A87E88 /* History.storyboard */,
			);
			path = History;
			sourceTree = "<group>";
		};
		5509CB15204FCE4F00A87E88 /* Controller */ = {
			isa = PBXGroup;
			children = (
				5509CB16204FCE4F00A87E88 /* BaseController.swift */,
				5509CB17204FCE4F00A87E88 /* inTabBar */,
				5509CB20204FCE4F00A87E88 /* Authetication */,
			);
			path = Controller;
			sourceTree = "<group>";
		};
		5509CB17204FCE4F00A87E88 /* inTabBar */ = {
			isa = PBXGroup;
			children = (
				5509CB1B204FCE4F00A87E88 /* RootTabBarController.swift */,
				5509CB18204FCE4F00A87E88 /* Attendance */,
				5509CB1C204FCE4F00A87E88 /* News */,
				55BF52A02058FE8800AA1C87 /* Account */,
			);
			path = inTabBar;
			sourceTree = "<group>";
		};
		5509CB18204FCE4F00A87E88 /* Attendance */ = {
			isa = PBXGroup;
			children = (
				5509CB1E204FCE4F00A87E88 /* History */,
				5509CB1A204FCE4F00A87E88 /* AttendanceViewController.swift */,
			);
			path = Attendance;
			sourceTree = "<group>";
		};
		5509CB1C204FCE4F00A87E88 /* News */ = {
			isa = PBXGroup;
			children = (
				5509CB1D204FCE4F00A87E88 /* NewsViewController.swift */,
			);
			path = News;
			sourceTree = "<group>";
		};
		5509CB1E204FCE4F00A87E88 /* History */ = {
			isa = PBXGroup;
			children = (
				5509CB1F204FCE4F00A87E88 /* HistoryViewController.swift */,
			);
			path = History;
			sourceTree = "<group>";
		};
		5509CB20204FCE4F00A87E88 /* Authetication */ = {
			isa = PBXGroup;
			children = (
				5509CB21204FCE4F00A87E88 /* LoginViewController.swift */,
				010BA03120512896001F8D44 /* RegistrationViewController.swift */,
			);
			path = Authetication;
			sourceTree = "<group>";
		};
		5509CB29204FCE5E00A87E88 /* Value */ = {
			isa = PBXGroup;
			children = (
				5509CB2A204FCE5E00A87E88 /* Color.swift */,
				5509CB2B204FCE5E00A87E88 /* Identifier.swift */,
				5509CB37204FEB3700A87E88 /* Message.swift */,
				55A5898F2050F1D600266380 /* Encryption.swift */,
				01F51FAD2058F761000EE4FC /* Cache.swift */,
			);
			path = Value;
			sourceTree = "<group>";
		};
		5509CB2E204FCE6600A87E88 /* Extension */ = {
			isa = PBXGroup;
			children = (
				55A589912050F1FB00266380 /* NSData+String.swift */,
				5509CB2F204FCE6600A87E88 /* Color+Hex.swift */,
				5509CB30204FCE6600A87E88 /* UINib+Loader.swift */,
				5509CB31204FCE6600A87E88 /* View+Shadow.swift */,
				01A409EA20505D0E00812123 /* CustomUITextField.swift */,
				55A589972051159500266380 /* Date+Format.swift */,
				010BA033205128B7001F8D44 /* Toolbar.swift */,
				55A589A0205135AE00266380 /* Responder+byPass.swift */,
			);
			path = Extension;
			sourceTree = "<group>";
		};
		5509CB3920500E1000A87E88 /* Helper */ = {
			isa = PBXGroup;
			children = (
				01DFF88A2056E95C001CB88D /* Notification */,
				55A5899920511E9E00266380 /* Notes */,
				5509CB3A20500E2800A87E88 /* LoadingIndicator.swift */,
			);
			path = Helper;
			sourceTree = "<group>";
		};
		55A5898E2050F18E00266380 /* Utils */ = {
			isa = PBXGroup;
			children = (
				55AA78922057F2CE00FE07F0 /* NetworkProcessor.swift */,
				55A589932050F23700266380 /* TripleDesEncryptor.swift */,
				55A5899520510B2700266380 /* FaceID.swift */,
				010BA035205147CB001F8D44 /* Mailer.swift */,
			);
			path = Utils;
			sourceTree = "<group>";
		};
		55A5899920511E9E00266380 /* Notes */ = {
			isa = PBXGroup;
			children = (
				55A5899A20511EE500266380 /* NotesView.xib */,
				55A5899C2051240300266380 /* NotesView.swift */,
			);
			path = Notes;
			sourceTree = "<group>";
		};
		55AFAB09205B748E003AF3EF /* DragableHistory */ = {
			isa = PBXGroup;
			children = (
				55AFAB0A205B74D0003AF3EF /* DragableHistoryView.xib */,
				55AFAB0C205B761D003AF3EF /* DragableHistoryView.swift */,
			);
			path = DragableHistory;
			sourceTree = "<group>";
		};
		55BF529D2058FC3200AA1C87 /* Account */ = {
			isa = PBXGroup;
			children = (
				55BF529E2058FD9100AA1C87 /* Account.storyboard */,
			);
			path = Account;
			sourceTree = "<group>";
		};
		55BF52A02058FE8800AA1C87 /* Account */ = {
			isa = PBXGroup;
			children = (
				55BF52A12058FE9900AA1C87 /* AccountViewController.swift */,
			);
			path = Account;
			sourceTree = "<group>";
		};
		55BF52A5205B684800AA1C87 /* Animation */ = {
			isa = PBXGroup;
			children = (
				55BF52A3205B684200AA1C87 /* BaseAnimator.swift */,
				55AFAB04205B72BF003AF3EF /* MiniToLargeViewAnimator.swift */,
				55AFAB06205B7318003AF3EF /* MiniToLargeViewInteractive.swift */,
			);
			path = Animation;
			sourceTree = "<group>";
		};
		FAECD7D7CFBA22B8D7A3AE0E /* Frameworks */ = {
			isa = PBXGroup;
			children = (
				55A5898B2050EE2100266380 /* CommonCrypto.framework */,
				BB4F00DB43031080465883FF /* Pods_Bada_apps.framework */,
			);
			name = Frameworks;
			sourceTree = "<group>";
		};
/* End PBXGroup section */

/* Begin PBXNativeTarget section */
		016A5D82204F90A200F99270 /* Bada-apps */ = {
			isa = PBXNativeTarget;
			buildConfigurationList = 016A5D95204F90A200F99270 /* Build configuration list for PBXNativeTarget "Bada-apps" */;
			buildPhases = (
				2E9DC9A28ABBEB936423C244 /* [CP] Check Pods Manifest.lock */,
				016A5D7F204F90A200F99270 /* Sources */,
				016A5D80204F90A200F99270 /* Frameworks */,
				016A5D81204F90A200F99270 /* Resources */,
				6625BC4A1C62453F3DDBBA69 /* [CP] Embed Pods Frameworks */,
				C07868E8DC51C7C76E3611DC /* [CP] Copy Pods Resources */,
				55A5898D2050EE4900266380 /* Carthage Encryption */,
				55B558112064A6C200D9B035 /* SwiftLint Script */,
			);
			buildRules = (
			);
			dependencies = (
			);
			name = "Bada-apps";
			productName = "Bada-apps";
			productReference = 016A5D83204F90A200F99270 /* Bada-apps.app */;
			productType = "com.apple.product-type.application";
		};
/* End PBXNativeTarget section */

/* Begin PBXProject section */
		016A5D7B204F90A200F99270 /* Project object */ = {
			isa = PBXProject;
			attributes = {
				LastSwiftUpdateCheck = 0920;
				LastUpgradeCheck = 0920;
				ORGANIZATIONNAME = Bada;
				TargetAttributes = {
					016A5D82204F90A200F99270 = {
						CreatedOnToolsVersion = 9.2;
						ProvisioningStyle = Automatic;
					};
				};
			};
			buildConfigurationList = 016A5D7E204F90A200F99270 /* Build configuration list for PBXProject "Bada-apps" */;
			compatibilityVersion = "Xcode 8.0";
			developmentRegion = en;
			hasScannedForEncodings = 0;
			knownRegions = (
				en,
				Base,
			);
			mainGroup = 016A5D7A204F90A200F99270;
			productRefGroup = 016A5D84204F90A200F99270 /* Products */;
			projectDirPath = "";
			projectRoot = "";
			targets = (
				016A5D82204F90A200F99270 /* Bada-apps */,
			);
		};
/* End PBXProject section */

/* Begin PBXResourcesBuildPhase section */
		016A5D81204F90A200F99270 /* Resources */ = {
			isa = PBXResourcesBuildPhase;
			buildActionMask = 2147483647;
			files = (
				014350DB20503FA500512602 /* Notification.xib in Resources */,
				014350C9204FF6BC00512602 /* Authentication.storyboard in Resources */,
				5509CB11204FCE0A00A87E88 /* LaunchScreen.storyboard in Resources */,
				01E8C03D204F9154003BF95C /* .gitignore in Resources */,
				5509CB14204FCE0A00A87E88 /* History.storyboard in Resources */,
				016A5D8E204F90A200F99270 /* Assets.xcassets in Resources */,
				55A5899B20511EE500266380 /* NotesView.xib in Resources */,
				55AFAB0B205B74D0003AF3EF /* DragableHistoryView.xib in Resources */,
				55BF529F2058FD9100AA1C87 /* Account.storyboard in Resources */,
				5509CB0F204FCE0A00A87E88 /* CoverageAreaView.xib in Resources */,
				01E8C03B204F914B003BF95C /* README.md in Resources */,
				5509CB12204FCE0A00A87E88 /* Main.storyboard in Resources */,
				5509CB3D20500ECE00A87E88 /* ClockInOutView.xib in Resources */,
				5509CB13204FCE0A00A87E88 /* News.storyboard in Resources */,
				5509CB10204FCE0A00A87E88 /* Attendance.storyboard in Resources */,
				01E8C041204F9168003BF95C /* GoogleService-Info.plist in Resources */,
			);
			runOnlyForDeploymentPostprocessing = 0;
		};
/* End PBXResourcesBuildPhase section */

/* Begin PBXShellScriptBuildPhase section */
		2E9DC9A28ABBEB936423C244 /* [CP] Check Pods Manifest.lock */ = {
			isa = PBXShellScriptBuildPhase;
			buildActionMask = 2147483647;
			files = (
			);
			inputPaths = (
				"${PODS_PODFILE_DIR_PATH}/Podfile.lock",
				"${PODS_ROOT}/Manifest.lock",
			);
			name = "[CP] Check Pods Manifest.lock";
			outputPaths = (
				"$(DERIVED_FILE_DIR)/Pods-Bada-apps-checkManifestLockResult.txt",
			);
			runOnlyForDeploymentPostprocessing = 0;
			shellPath = /bin/sh;
			shellScript = "diff \"${PODS_PODFILE_DIR_PATH}/Podfile.lock\" \"${PODS_ROOT}/Manifest.lock\" > /dev/null\nif [ $? != 0 ] ; then\n    # print error to STDERR\n    echo \"error: The sandbox is not in sync with the Podfile.lock. Run 'pod install' or update your CocoaPods installation.\" >&2\n    exit 1\nfi\n# This output is used by Xcode 'outputs' to avoid re-running this script phase.\necho \"SUCCESS\" > \"${SCRIPT_OUTPUT_FILE_0}\"\n";
			showEnvVarsInLog = 0;
		};
		55A5898D2050EE4900266380 /* Carthage Encryption */ = {
			isa = PBXShellScriptBuildPhase;
			buildActionMask = 2147483647;
			files = (
			);
			inputPaths = (
				"$(SRCROOT)/Carthage/Build/iOS/CommonCrypto.framework",
			);
			name = "Carthage Encryption";
			outputPaths = (
			);
			runOnlyForDeploymentPostprocessing = 0;
			shellPath = /bin/sh;
			shellScript = "/usr/local/bin/carthage copy-frameworks";
		};
		55B558112064A6C200D9B035 /* SwiftLint Script */ = {
			isa = PBXShellScriptBuildPhase;
			buildActionMask = 2147483647;
			files = (
			);
			inputPaths = (
			);
			name = "SwiftLint Script";
			outputPaths = (
			);
			runOnlyForDeploymentPostprocessing = 0;
			shellPath = /bin/sh;
			shellScript = "";
		};
		6625BC4A1C62453F3DDBBA69 /* [CP] Embed Pods Frameworks */ = {
			isa = PBXShellScriptBuildPhase;
			buildActionMask = 2147483647;
			files = (
			);
			inputPaths = (
				"${SRCROOT}/Pods/Target Support Files/Pods-Bada-apps/Pods-Bada-apps-frameworks.sh",
				"${BUILT_PRODUCTS_DIR}/GTMSessionFetcher/GTMSessionFetcher.framework",
				"${BUILT_PRODUCTS_DIR}/GoogleToolboxForMac/GoogleToolboxForMac.framework",
				"${BUILT_PRODUCTS_DIR}/leveldb-library/leveldb.framework",
				"${BUILT_PRODUCTS_DIR}/nanopb/nanopb.framework",
			);
			name = "[CP] Embed Pods Frameworks";
			outputPaths = (
				"${TARGET_BUILD_DIR}/${FRAMEWORKS_FOLDER_PATH}/GTMSessionFetcher.framework",
				"${TARGET_BUILD_DIR}/${FRAMEWORKS_FOLDER_PATH}/GoogleToolboxForMac.framework",
				"${TARGET_BUILD_DIR}/${FRAMEWORKS_FOLDER_PATH}/leveldb.framework",
				"${TARGET_BUILD_DIR}/${FRAMEWORKS_FOLDER_PATH}/nanopb.framework",
			);
			runOnlyForDeploymentPostprocessing = 0;
			shellPath = /bin/sh;
			shellScript = "\"${SRCROOT}/Pods/Target Support Files/Pods-Bada-apps/Pods-Bada-apps-frameworks.sh\"\n";
			showEnvVarsInLog = 0;
		};
		C07868E8DC51C7C76E3611DC /* [CP] Copy Pods Resources */ = {
			isa = PBXShellScriptBuildPhase;
			buildActionMask = 2147483647;
			files = (
			);
			inputPaths = (
			);
			name = "[CP] Copy Pods Resources";
			outputPaths = (
			);
			runOnlyForDeploymentPostprocessing = 0;
			shellPath = /bin/sh;
			shellScript = "\"${SRCROOT}/Pods/Target Support Files/Pods-Bada-apps/Pods-Bada-apps-resources.sh\"\n";
			showEnvVarsInLog = 0;
		};
/* End PBXShellScriptBuildPhase section */

/* Begin PBXSourcesBuildPhase section */
		016A5D7F204F90A200F99270 /* Sources */ = {
			isa = PBXSourcesBuildPhase;
			buildActionMask = 2147483647;
			files = (
				55AFAB07205B7318003AF3EF /* MiniToLargeViewInteractive.swift in Sources */,
				55A589A1205135AE00266380 /* Responder+byPass.swift in Sources */,
				55A589942050F23700266380 /* TripleDesEncryptor.swift in Sources */,
				55A589902050F1D600266380 /* Encryption.swift in Sources */,
				014350D720503DD600512602 /* Attendance.swift in Sources */,
				5509CB28204FCE4F00A87E88 /* LoginViewController.swift in Sources */,
				55AFAB05205B72BF003AF3EF /* MiniToLargeViewAnimator.swift in Sources */,
				014350DD2050420300512602 /* NotificationView.swift in Sources */,
				55BF52A4205B684200AA1C87 /* BaseAnimator.swift in Sources */,
				55AA78932057F2CE00FE07F0 /* NetworkProcessor.swift in Sources */,
				010BA034205128B7001F8D44 /* Toolbar.swift in Sources */,
				55AFAB0D205B761D003AF3EF /* DragableHistoryView.swift in Sources */,
				016A5D89204F90A200F99270 /* ViewController.swift in Sources */,
				5509CB36204FCF1800A87E88 /* Beacon.swift in Sources */,
				5509CB3F2050158300A87E88 /* ClockInOutView.swift in Sources */,
				5509CB25204FCE4F00A87E88 /* RootTabBarController.swift in Sources */,
				5509CB33204FCE6600A87E88 /* UINib+Loader.swift in Sources */,
				01A409EB20505D0E00812123 /* CustomUITextField.swift in Sources */,
				5509CB3B20500E2800A87E88 /* LoadingIndicator.swift in Sources */,
				014350D820503DD600512602 /* User.swift in Sources */,
				5509CB2C204FCE5E00A87E88 /* Color.swift in Sources */,
				55A5899D2051240300266380 /* NotesView.swift in Sources */,
				5509CB2D204FCE5E00A87E88 /* Identifier.swift in Sources */,
				5509CB32204FCE6600A87E88 /* Color+Hex.swift in Sources */,
				55BF52A22058FE9900AA1C87 /* AccountViewController.swift in Sources */,
				5509CB24204FCE4F00A87E88 /* AttendanceViewController.swift in Sources */,
				5509CB34204FCE6600A87E88 /* View+Shadow.swift in Sources */,
				010BA03220512896001F8D44 /* RegistrationViewController.swift in Sources */,
				55BF52992057FB0600AA1C87 /* BDDate.swift in Sources */,
				5509CB23204FCE4F00A87E88 /* CoverageAreaView.swift in Sources */,
				5509CB26204FCE4F00A87E88 /* NewsViewController.swift in Sources */,
				01F51FAE2058F761000EE4FC /* Cache.swift in Sources */,
				55A589922050F1FB00266380 /* NSData+String.swift in Sources */,
				5509CB22204FCE4F00A87E88 /* BaseController.swift in Sources */,
				5509CB38204FEB3700A87E88 /* Message.swift in Sources */,
				010BA036205147CB001F8D44 /* Mailer.swift in Sources */,
				016A5D87204F90A200F99270 /* AppDelegate.swift in Sources */,
				5509CB27204FCE4F00A87E88 /* HistoryViewController.swift in Sources */,
				55A589982051159500266380 /* Date+Format.swift in Sources */,
				55A5899620510B2700266380 /* FaceID.swift in Sources */,
			);
			runOnlyForDeploymentPostprocessing = 0;
		};
/* End PBXSourcesBuildPhase section */

/* Begin PBXVariantGroup section */
		5509CB07204FCE0A00A87E88 /* LaunchScreen.storyboard */ = {
			isa = PBXVariantGroup;
			children = (
				5509CB08204FCE0A00A87E88 /* Base */,
			);
			name = LaunchScreen.storyboard;
			sourceTree = "<group>";
		};
		5509CB09204FCE0A00A87E88 /* Main.storyboard */ = {
			isa = PBXVariantGroup;
			children = (
				5509CB0A204FCE0A00A87E88 /* Base */,
			);
			name = Main.storyboard;
			sourceTree = "<group>";
		};
/* End PBXVariantGroup section */

/* Begin XCBuildConfiguration section */
		016A5D93204F90A200F99270 /* Debug */ = {
			isa = XCBuildConfiguration;
			buildSettings = {
				ALWAYS_SEARCH_USER_PATHS = NO;
				CLANG_ANALYZER_NONNULL = YES;
				CLANG_ANALYZER_NUMBER_OBJECT_CONVERSION = YES_AGGRESSIVE;
				CLANG_CXX_LANGUAGE_STANDARD = "gnu++14";
				CLANG_CXX_LIBRARY = "libc++";
				CLANG_ENABLE_MODULES = YES;
				CLANG_ENABLE_OBJC_ARC = YES;
				CLANG_WARN_BLOCK_CAPTURE_AUTORELEASING = YES;
				CLANG_WARN_BOOL_CONVERSION = YES;
				CLANG_WARN_COMMA = YES;
				CLANG_WARN_CONSTANT_CONVERSION = YES;
				CLANG_WARN_DIRECT_OBJC_ISA_USAGE = YES_ERROR;
				CLANG_WARN_DOCUMENTATION_COMMENTS = YES;
				CLANG_WARN_EMPTY_BODY = YES;
				CLANG_WARN_ENUM_CONVERSION = YES;
				CLANG_WARN_INFINITE_RECURSION = YES;
				CLANG_WARN_INT_CONVERSION = YES;
				CLANG_WARN_NON_LITERAL_NULL_CONVERSION = YES;
				CLANG_WARN_OBJC_LITERAL_CONVERSION = YES;
				CLANG_WARN_OBJC_ROOT_CLASS = YES_ERROR;
				CLANG_WARN_RANGE_LOOP_ANALYSIS = YES;
				CLANG_WARN_STRICT_PROTOTYPES = YES;
				CLANG_WARN_SUSPICIOUS_MOVE = YES;
				CLANG_WARN_UNGUARDED_AVAILABILITY = YES_AGGRESSIVE;
				CLANG_WARN_UNREACHABLE_CODE = YES;
				CLANG_WARN__DUPLICATE_METHOD_MATCH = YES;
				CODE_SIGN_IDENTITY = "iPhone Developer";
				COPY_PHASE_STRIP = NO;
				DEBUG_INFORMATION_FORMAT = dwarf;
				ENABLE_STRICT_OBJC_MSGSEND = YES;
				ENABLE_TESTABILITY = YES;
				GCC_C_LANGUAGE_STANDARD = gnu11;
				GCC_DYNAMIC_NO_PIC = NO;
				GCC_NO_COMMON_BLOCKS = YES;
				GCC_OPTIMIZATION_LEVEL = 0;
				GCC_PREPROCESSOR_DEFINITIONS = (
					"DEBUG=1",
					"$(inherited)",
				);
				GCC_WARN_64_TO_32_BIT_CONVERSION = YES;
				GCC_WARN_ABOUT_RETURN_TYPE = YES_ERROR;
				GCC_WARN_UNDECLARED_SELECTOR = YES;
				GCC_WARN_UNINITIALIZED_AUTOS = YES_AGGRESSIVE;
				GCC_WARN_UNUSED_FUNCTION = YES;
				GCC_WARN_UNUSED_VARIABLE = YES;
				IPHONEOS_DEPLOYMENT_TARGET = 11.2;
				MTL_ENABLE_DEBUG_INFO = YES;
				ONLY_ACTIVE_ARCH = YES;
				SDKROOT = iphoneos;
				SWIFT_ACTIVE_COMPILATION_CONDITIONS = DEBUG;
				SWIFT_OPTIMIZATION_LEVEL = "-Onone";
			};
			name = Debug;
		};
		016A5D94204F90A200F99270 /* Release */ = {
			isa = XCBuildConfiguration;
			buildSettings = {
				ALWAYS_SEARCH_USER_PATHS = NO;
				CLANG_ANALYZER_NONNULL = YES;
				CLANG_ANALYZER_NUMBER_OBJECT_CONVERSION = YES_AGGRESSIVE;
				CLANG_CXX_LANGUAGE_STANDARD = "gnu++14";
				CLANG_CXX_LIBRARY = "libc++";
				CLANG_ENABLE_MODULES = YES;
				CLANG_ENABLE_OBJC_ARC = YES;
				CLANG_WARN_BLOCK_CAPTURE_AUTORELEASING = YES;
				CLANG_WARN_BOOL_CONVERSION = YES;
				CLANG_WARN_COMMA = YES;
				CLANG_WARN_CONSTANT_CONVERSION = YES;
				CLANG_WARN_DIRECT_OBJC_ISA_USAGE = YES_ERROR;
				CLANG_WARN_DOCUMENTATION_COMMENTS = YES;
				CLANG_WARN_EMPTY_BODY = YES;
				CLANG_WARN_ENUM_CONVERSION = YES;
				CLANG_WARN_INFINITE_RECURSION = YES;
				CLANG_WARN_INT_CONVERSION = YES;
				CLANG_WARN_NON_LITERAL_NULL_CONVERSION = YES;
				CLANG_WARN_OBJC_LITERAL_CONVERSION = YES;
				CLANG_WARN_OBJC_ROOT_CLASS = YES_ERROR;
				CLANG_WARN_RANGE_LOOP_ANALYSIS = YES;
				CLANG_WARN_STRICT_PROTOTYPES = YES;
				CLANG_WARN_SUSPICIOUS_MOVE = YES;
				CLANG_WARN_UNGUARDED_AVAILABILITY = YES_AGGRESSIVE;
				CLANG_WARN_UNREACHABLE_CODE = YES;
				CLANG_WARN__DUPLICATE_METHOD_MATCH = YES;
				CODE_SIGN_IDENTITY = "iPhone Developer";
				COPY_PHASE_STRIP = NO;
				DEBUG_INFORMATION_FORMAT = "dwarf-with-dsym";
				ENABLE_NS_ASSERTIONS = NO;
				ENABLE_STRICT_OBJC_MSGSEND = YES;
				GCC_C_LANGUAGE_STANDARD = gnu11;
				GCC_NO_COMMON_BLOCKS = YES;
				GCC_WARN_64_TO_32_BIT_CONVERSION = YES;
				GCC_WARN_ABOUT_RETURN_TYPE = YES_ERROR;
				GCC_WARN_UNDECLARED_SELECTOR = YES;
				GCC_WARN_UNINITIALIZED_AUTOS = YES_AGGRESSIVE;
				GCC_WARN_UNUSED_FUNCTION = YES;
				GCC_WARN_UNUSED_VARIABLE = YES;
				IPHONEOS_DEPLOYMENT_TARGET = 11.2;
				MTL_ENABLE_DEBUG_INFO = NO;
				SDKROOT = iphoneos;
				SWIFT_OPTIMIZATION_LEVEL = "-Owholemodule";
				VALIDATE_PRODUCT = YES;
			};
			name = Release;
		};
		016A5D96204F90A200F99270 /* Debug */ = {
			isa = XCBuildConfiguration;
			baseConfigurationReference = 6A9B1A48B702F6F6A79A6D61 /* Pods-Bada-apps.debug.xcconfig */;
			buildSettings = {
				ASSETCATALOG_COMPILER_APPICON_NAME = AppIcon;
				CODE_SIGN_STYLE = Automatic;
				DEVELOPMENT_TEAM = ZK45DE64XX;
				FRAMEWORK_SEARCH_PATHS = (
					"$(inherited)",
					"$(PROJECT_DIR)/Carthage/Build/iOS",
				);
				INFOPLIST_FILE = "Bada-apps/Info.plist";
				IPHONEOS_DEPLOYMENT_TARGET = 11.3;
				LD_RUNPATH_SEARCH_PATHS = "$(inherited) @executable_path/Frameworks";
				PRODUCT_BUNDLE_IDENTIFIER = "Bada.Bada-Apps";
				PRODUCT_NAME = "$(TARGET_NAME)";
				SWIFT_VERSION = 4.0;
				TARGETED_DEVICE_FAMILY = "1,2";
			};
			name = Debug;
		};
		016A5D97204F90A200F99270 /* Release */ = {
			isa = XCBuildConfiguration;
			baseConfigurationReference = F90989D1879C53958F9B2920 /* Pods-Bada-apps.release.xcconfig */;
			buildSettings = {
				ASSETCATALOG_COMPILER_APPICON_NAME = AppIcon;
				CODE_SIGN_STYLE = Automatic;
				DEVELOPMENT_TEAM = ZK45DE64XX;
				FRAMEWORK_SEARCH_PATHS = (
					"$(inherited)",
					"$(PROJECT_DIR)/Carthage/Build/iOS",
				);
				INFOPLIST_FILE = "Bada-apps/Info.plist";
				IPHONEOS_DEPLOYMENT_TARGET = 11.3;
				LD_RUNPATH_SEARCH_PATHS = "$(inherited) @executable_path/Frameworks";
				PRODUCT_BUNDLE_IDENTIFIER = "Bada.Bada-Apps";
				PRODUCT_NAME = "$(TARGET_NAME)";
				SWIFT_VERSION = 4.0;
				TARGETED_DEVICE_FAMILY = "1,2";
			};
			name = Release;
		};
/* End XCBuildConfiguration section */

/* Begin XCConfigurationList section */
		016A5D7E204F90A200F99270 /* Build configuration list for PBXProject "Bada-apps" */ = {
			isa = XCConfigurationList;
			buildConfigurations = (
				016A5D93204F90A200F99270 /* Debug */,
				016A5D94204F90A200F99270 /* Release */,
			);
			defaultConfigurationIsVisible = 0;
			defaultConfigurationName = Release;
		};
		016A5D95204F90A200F99270 /* Build configuration list for PBXNativeTarget "Bada-apps" */ = {
			isa = XCConfigurationList;
			buildConfigurations = (
				016A5D96204F90A200F99270 /* Debug */,
				016A5D97204F90A200F99270 /* Release */,
			);
			defaultConfigurationIsVisible = 0;
			defaultConfigurationName = Release;
		};
/* End XCConfigurationList section */
	};
	rootObject = 016A5D7B204F90A200F99270 /* Project object */;
}
