// !$*UTF8*$!
{
	archiveVersion = 1;
	classes = {
	};
	objectVersion = 48;
	objects = {

/* Begin PBXBuildFile section */
		016A5D87204F90A200F99270 /* AppDelegate.swift in Sources */ = {isa = PBXBuildFile; fileRef = 016A5D86204F90A200F99270 /* AppDelegate.swift */; };
		016A5D89204F90A200F99270 /* ViewController.swift in Sources */ = {isa = PBXBuildFile; fileRef = 016A5D88204F90A200F99270 /* ViewController.swift */; };
		016A5D8C204F90A200F99270 /* Main.storyboard in Resources */ = {isa = PBXBuildFile; fileRef = 016A5D8A204F90A200F99270 /* Main.storyboard */; };
		016A5D8E204F90A200F99270 /* Assets.xcassets in Resources */ = {isa = PBXBuildFile; fileRef = 016A5D8D204F90A200F99270 /* Assets.xcassets */; };
		016A5D91204F90A200F99270 /* LaunchScreen.storyboard in Resources */ = {isa = PBXBuildFile; fileRef = 016A5D8F204F90A200F99270 /* LaunchScreen.storyboard */; };
		01E8C03B204F914B003BF95C /* README.md in Resources */ = {isa = PBXBuildFile; fileRef = 01E8C03A204F914B003BF95C /* README.md */; };
		01E8C03D204F9154003BF95C /* .gitignore in Resources */ = {isa = PBXBuildFile; fileRef = 01E8C03C204F9153003BF95C /* .gitignore */; };
		01E8C03F204F915E003BF95C /* Model in Resources */ = {isa = PBXBuildFile; fileRef = 01E8C03E204F915E003BF95C /* Model */; };
		01E8C041204F9168003BF95C /* GoogleService-Info.plist in Resources */ = {isa = PBXBuildFile; fileRef = 01E8C040204F9168003BF95C /* GoogleService-Info.plist */; };
		CB425E7B4D3ED9A3D74BB1B4 /* Pods_Bada_apps.framework in Frameworks */ = {isa = PBXBuildFile; fileRef = BB4F00DB43031080465883FF /* Pods_Bada_apps.framework */; };
/* End PBXBuildFile section */

/* Begin PBXFileReference section */
		016A5D83204F90A200F99270 /* Bada-apps.app */ = {isa = PBXFileReference; explicitFileType = wrapper.application; includeInIndex = 0; path = "Bada-apps.app"; sourceTree = BUILT_PRODUCTS_DIR; };
		016A5D86204F90A200F99270 /* AppDelegate.swift */ = {isa = PBXFileReference; lastKnownFileType = sourcecode.swift; path = AppDelegate.swift; sourceTree = "<group>"; };
		016A5D88204F90A200F99270 /* ViewController.swift */ = {isa = PBXFileReference; lastKnownFileType = sourcecode.swift; path = ViewController.swift; sourceTree = "<group>"; };
		016A5D8B204F90A200F99270 /* Base */ = {isa = PBXFileReference; lastKnownFileType = file.storyboard; name = Base; path = Base.lproj/Main.storyboard; sourceTree = "<group>"; };
		016A5D8D204F90A200F99270 /* Assets.xcassets */ = {isa = PBXFileReference; lastKnownFileType = folder.assetcatalog; path = Assets.xcassets; sourceTree = "<group>"; };
		016A5D90204F90A200F99270 /* Base */ = {isa = PBXFileReference; lastKnownFileType = file.storyboard; name = Base; path = Base.lproj/LaunchScreen.storyboard; sourceTree = "<group>"; };
		016A5D92204F90A200F99270 /* Info.plist */ = {isa = PBXFileReference; lastKnownFileType = text.plist.xml; path = Info.plist; sourceTree = "<group>"; };
		01E8C03A204F914B003BF95C /* README.md */ = {isa = PBXFileReference; fileEncoding = 4; lastKnownFileType = net.daringfireball.markdown; path = README.md; sourceTree = "<group>"; };
		01E8C03C204F9153003BF95C /* .gitignore */ = {isa = PBXFileReference; fileEncoding = 4; lastKnownFileType = text; path = .gitignore; sourceTree = "<group>"; };
		01E8C03E204F915E003BF95C /* Model */ = {isa = PBXFileReference; lastKnownFileType = folder; path = Model; sourceTree = "<group>"; };
		01E8C040204F9168003BF95C /* GoogleService-Info.plist */ = {isa = PBXFileReference; fileEncoding = 4; lastKnownFileType = text.plist.xml; path = "GoogleService-Info.plist"; sourceTree = "<group>"; };
		6A9B1A48B702F6F6A79A6D61 /* Pods-Bada-apps.debug.xcconfig */ = {isa = PBXFileReference; includeInIndex = 1; lastKnownFileType = text.xcconfig; name = "Pods-Bada-apps.debug.xcconfig"; path = "Pods/Target Support Files/Pods-Bada-apps/Pods-Bada-apps.debug.xcconfig"; sourceTree = "<group>"; };
		BB4F00DB43031080465883FF /* Pods_Bada_apps.framework */ = {isa = PBXFileReference; explicitFileType = wrapper.framework; includeInIndex = 0; path = Pods_Bada_apps.framework; sourceTree = BUILT_PRODUCTS_DIR; };
		F90989D1879C53958F9B2920 /* Pods-Bada-apps.release.xcconfig */ = {isa = PBXFileReference; includeInIndex = 1; lastKnownFileType = text.xcconfig; name = "Pods-Bada-apps.release.xcconfig"; path = "Pods/Target Support Files/Pods-Bada-apps/Pods-Bada-apps.release.xcconfig"; sourceTree = "<group>"; };
/* End PBXFileReference section */

/* Begin PBXFrameworksBuildPhase section */
		016A5D80204F90A200F99270 /* Frameworks */ = {
			isa = PBXFrameworksBuildPhase;
			buildActionMask = 2147483647;
			files = (
				CB425E7B4D3ED9A3D74BB1B4 /* Pods_Bada_apps.framework in Frameworks */,
			);
			runOnlyForDeploymentPostprocessing = 0;
		};
/* End PBXFrameworksBuildPhase section */

/* Begin PBXGroup section */
		016A5D7A204F90A200F99270 = {
			isa = PBXGroup;
			children = (
				01E8C03A204F914B003BF95C /* README.md */,
				01E8C03C204F9153003BF95C /* .gitignore */,
				016A5D85204F90A200F99270 /* Bada-apps */,
				016A5D84204F90A200F99270 /* Products */,
				30470825FED39B457A3AE20D /* Pods */,
				FAECD7D7CFBA22B8D7A3AE0E /* Frameworks */,
			);
			sourceTree = "<group>";
		};
		016A5D84204F90A200F99270 /* Products */ = {
			isa = PBXGroup;
			children = (
				016A5D83204F90A200F99270 /* Bada-apps.app */,
			);
			name = Products;
			sourceTree = "<group>";
		};
		016A5D85204F90A200F99270 /* Bada-apps */ = {
			isa = PBXGroup;
			children = (
				016A5D86204F90A200F99270 /* AppDelegate.swift */,
				016A5D88204F90A200F99270 /* ViewController.swift */,
				016A5D8A204F90A200F99270 /* Main.storyboard */,
				016A5D8D204F90A200F99270 /* Assets.xcassets */,
				01E8C03E204F915E003BF95C /* Model */,
				016A5D8F204F90A200F99270 /* LaunchScreen.storyboard */,
				01E8C040204F9168003BF95C /* GoogleService-Info.plist */,
				016A5D92204F90A200F99270 /* Info.plist */,
			);
			path = "Bada-apps";
			sourceTree = "<group>";
		};
		30470825FED39B457A3AE20D /* Pods */ = {
			isa = PBXGroup;
			children = (
				6A9B1A48B702F6F6A79A6D61 /* Pods-Bada-apps.debug.xcconfig */,
				F90989D1879C53958F9B2920 /* Pods-Bada-apps.release.xcconfig */,
			);
			name = Pods;
			sourceTree = "<group>";
		};
		FAECD7D7CFBA22B8D7A3AE0E /* Frameworks */ = {
			isa = PBXGroup;
			children = (
				BB4F00DB43031080465883FF /* Pods_Bada_apps.framework */,
			);
			name = Frameworks;
			sourceTree = "<group>";
		};
/* End PBXGroup section */

/* Begin PBXNativeTarget section */
		016A5D82204F90A200F99270 /* Bada-apps */ = {
			isa = PBXNativeTarget;
			buildConfigurationList = 016A5D95204F90A200F99270 /* Build configuration list for PBXNativeTarget "Bada-apps" */;
			buildPhases = (
				2E9DC9A28ABBEB936423C244 /* [CP] Check Pods Manifest.lock */,
				016A5D7F204F90A200F99270 /* Sources */,
				016A5D80204F90A200F99270 /* Frameworks */,
				016A5D81204F90A200F99270 /* Resources */,
				6625BC4A1C62453F3DDBBA69 /* [CP] Embed Pods Frameworks */,
				C07868E8DC51C7C76E3611DC /* [CP] Copy Pods Resources */,
			);
			buildRules = (
			);
			dependencies = (
			);
			name = "Bada-apps";
			productName = "Bada-apps";
			productReference = 016A5D83204F90A200F99270 /* Bada-apps.app */;
			productType = "com.apple.product-type.application";
		};
/* End PBXNativeTarget section */

/* Begin PBXProject section */
		016A5D7B204F90A200F99270 /* Project object */ = {
			isa = PBXProject;
			attributes = {
				LastSwiftUpdateCheck = 0920;
				LastUpgradeCheck = 0920;
				ORGANIZATIONNAME = Bada;
				TargetAttributes = {
					016A5D82204F90A200F99270 = {
						CreatedOnToolsVersion = 9.2;
						ProvisioningStyle = Automatic;
					};
				};
			};
			buildConfigurationList = 016A5D7E204F90A200F99270 /* Build configuration list for PBXProject "Bada-apps" */;
			compatibilityVersion = "Xcode 8.0";
			developmentRegion = en;
			hasScannedForEncodings = 0;
			knownRegions = (
				en,
				Base,
			);
			mainGroup = 016A5D7A204F90A200F99270;
			productRefGroup = 016A5D84204F90A200F99270 /* Products */;
			projectDirPath = "";
			projectRoot = "";
			targets = (
				016A5D82204F90A200F99270 /* Bada-apps */,
			);
		};
/* End PBXProject section */

/* Begin PBXResourcesBuildPhase section */
		016A5D81204F90A200F99270 /* Resources */ = {
			isa = PBXResourcesBuildPhase;
			buildActionMask = 2147483647;
			files = (
				01E8C03F204F915E003BF95C /* Model in Resources */,
				01E8C03D204F9154003BF95C /* .gitignore in Resources */,
				016A5D91204F90A200F99270 /* LaunchScreen.storyboard in Resources */,
				016A5D8E204F90A200F99270 /* Assets.xcassets in Resources */,
				01E8C03B204F914B003BF95C /* README.md in Resources */,
				016A5D8C204F90A200F99270 /* Main.storyboard in Resources */,
				01E8C041204F9168003BF95C /* GoogleService-Info.plist in Resources */,
			);
			runOnlyForDeploymentPostprocessing = 0;
		};
/* End PBXResourcesBuildPhase section */

/* Begin PBXShellScriptBuildPhase section */
		2E9DC9A28ABBEB936423C244 /* [CP] Check Pods Manifest.lock */ = {
			isa = PBXShellScriptBuildPhase;
			buildActionMask = 2147483647;
			files = (
			);
			inputPaths = (
				"${PODS_PODFILE_DIR_PATH}/Podfile.lock",
				"${PODS_ROOT}/Manifest.lock",
			);
			name = "[CP] Check Pods Manifest.lock";
			outputPaths = (
				"$(DERIVED_FILE_DIR)/Pods-Bada-apps-checkManifestLockResult.txt",
			);
			runOnlyForDeploymentPostprocessing = 0;
			shellPath = /bin/sh;
			shellScript = "diff \"${PODS_PODFILE_DIR_PATH}/Podfile.lock\" \"${PODS_ROOT}/Manifest.lock\" > /dev/null\nif [ $? != 0 ] ; then\n    # print error to STDERR\n    echo \"error: The sandbox is not in sync with the Podfile.lock. Run 'pod install' or update your CocoaPods installation.\" >&2\n    exit 1\nfi\n# This output is used by Xcode 'outputs' to avoid re-running this script phase.\necho \"SUCCESS\" > \"${SCRIPT_OUTPUT_FILE_0}\"\n";
			showEnvVarsInLog = 0;
		};
		6625BC4A1C62453F3DDBBA69 /* [CP] Embed Pods Frameworks */ = {
			isa = PBXShellScriptBuildPhase;
			buildActionMask = 2147483647;
			files = (
			);
			inputPaths = (
				"${SRCROOT}/Pods/Target Support Files/Pods-Bada-apps/Pods-Bada-apps-frameworks.sh",
				"${BUILT_PRODUCTS_DIR}/GTMSessionFetcher/GTMSessionFetcher.framework",
				"${BUILT_PRODUCTS_DIR}/GoogleToolboxForMac/GoogleToolboxForMac.framework",
				"${BUILT_PRODUCTS_DIR}/leveldb-library/leveldb.framework",
				"${BUILT_PRODUCTS_DIR}/nanopb/nanopb.framework",
			);
			name = "[CP] Embed Pods Frameworks";
			outputPaths = (
				"${TARGET_BUILD_DIR}/${FRAMEWORKS_FOLDER_PATH}/GTMSessionFetcher.framework",
				"${TARGET_BUILD_DIR}/${FRAMEWORKS_FOLDER_PATH}/GoogleToolboxForMac.framework",
				"${TARGET_BUILD_DIR}/${FRAMEWORKS_FOLDER_PATH}/leveldb.framework",
				"${TARGET_BUILD_DIR}/${FRAMEWORKS_FOLDER_PATH}/nanopb.framework",
			);
			runOnlyForDeploymentPostprocessing = 0;
			shellPath = /bin/sh;
			shellScript = "\"${SRCROOT}/Pods/Target Support Files/Pods-Bada-apps/Pods-Bada-apps-frameworks.sh\"\n";
			showEnvVarsInLog = 0;
		};
		C07868E8DC51C7C76E3611DC /* [CP] Copy Pods Resources */ = {
			isa = PBXShellScriptBuildPhase;
			buildActionMask = 2147483647;
			files = (
			);
			inputPaths = (
			);
			name = "[CP] Copy Pods Resources";
			outputPaths = (
			);
			runOnlyForDeploymentPostprocessing = 0;
			shellPath = /bin/sh;
			shellScript = "\"${SRCROOT}/Pods/Target Support Files/Pods-Bada-apps/Pods-Bada-apps-resources.sh\"\n";
			showEnvVarsInLog = 0;
		};
/* End PBXShellScriptBuildPhase section */

/* Begin PBXSourcesBuildPhase section */
		016A5D7F204F90A200F99270 /* Sources */ = {
			isa = PBXSourcesBuildPhase;
			buildActionMask = 2147483647;
			files = (
				016A5D89204F90A200F99270 /* ViewController.swift in Sources */,
				016A5D87204F90A200F99270 /* AppDelegate.swift in Sources */,
			);
			runOnlyForDeploymentPostprocessing = 0;
		};
/* End PBXSourcesBuildPhase section */

/* Begin PBXVariantGroup section */
		016A5D8A204F90A200F99270 /* Main.storyboard */ = {
			isa = PBXVariantGroup;
			children = (
				016A5D8B204F90A200F99270 /* Base */,
			);
			name = Main.storyboard;
			sourceTree = "<group>";
		};
		016A5D8F204F90A200F99270 /* LaunchScreen.storyboard */ = {
			isa = PBXVariantGroup;
			children = (
				016A5D90204F90A200F99270 /* Base */,
			);
			name = LaunchScreen.storyboard;
			sourceTree = "<group>";
		};
/* End PBXVariantGroup section */

/* Begin XCBuildConfiguration section */
		016A5D93204F90A200F99270 /* Debug */ = {
			isa = XCBuildConfiguration;
			buildSettings = {
				ALWAYS_SEARCH_USER_PATHS = NO;
				CLANG_ANALYZER_NONNULL = YES;
				CLANG_ANALYZER_NUMBER_OBJECT_CONVERSION = YES_AGGRESSIVE;
				CLANG_CXX_LANGUAGE_STANDARD = "gnu++14";
				CLANG_CXX_LIBRARY = "libc++";
				CLANG_ENABLE_MODULES = YES;
				CLANG_ENABLE_OBJC_ARC = YES;
				CLANG_WARN_BLOCK_CAPTURE_AUTORELEASING = YES;
				CLANG_WARN_BOOL_CONVERSION = YES;
				CLANG_WARN_COMMA = YES;
				CLANG_WARN_CONSTANT_CONVERSION = YES;
				CLANG_WARN_DIRECT_OBJC_ISA_USAGE = YES_ERROR;
				CLANG_WARN_DOCUMENTATION_COMMENTS = YES;
				CLANG_WARN_EMPTY_BODY = YES;
				CLANG_WARN_ENUM_CONVERSION = YES;
				CLANG_WARN_INFINITE_RECURSION = YES;
				CLANG_WARN_INT_CONVERSION = YES;
				CLANG_WARN_NON_LITERAL_NULL_CONVERSION = YES;
				CLANG_WARN_OBJC_LITERAL_CONVERSION = YES;
				CLANG_WARN_OBJC_ROOT_CLASS = YES_ERROR;
				CLANG_WARN_RANGE_LOOP_ANALYSIS = YES;
				CLANG_WARN_STRICT_PROTOTYPES = YES;
				CLANG_WARN_SUSPICIOUS_MOVE = YES;
				CLANG_WARN_UNGUARDED_AVAILABILITY = YES_AGGRESSIVE;
				CLANG_WARN_UNREACHABLE_CODE = YES;
				CLANG_WARN__DUPLICATE_METHOD_MATCH = YES;
				CODE_SIGN_IDENTITY = "iPhone Developer";
				COPY_PHASE_STRIP = NO;
				DEBUG_INFORMATION_FORMAT = dwarf;
				ENABLE_STRICT_OBJC_MSGSEND = YES;
				ENABLE_TESTABILITY = YES;
				GCC_C_LANGUAGE_STANDARD = gnu11;
				GCC_DYNAMIC_NO_PIC = NO;
				GCC_NO_COMMON_BLOCKS = YES;
				GCC_OPTIMIZATION_LEVEL = 0;
				GCC_PREPROCESSOR_DEFINITIONS = (
					"DEBUG=1",
					"$(inherited)",
				);
				GCC_WARN_64_TO_32_BIT_CONVERSION = YES;
				GCC_WARN_ABOUT_RETURN_TYPE = YES_ERROR;
				GCC_WARN_UNDECLARED_SELECTOR = YES;
				GCC_WARN_UNINITIALIZED_AUTOS = YES_AGGRESSIVE;
				GCC_WARN_UNUSED_FUNCTION = YES;
				GCC_WARN_UNUSED_VARIABLE = YES;
				IPHONEOS_DEPLOYMENT_TARGET = 11.2;
				MTL_ENABLE_DEBUG_INFO = YES;
				ONLY_ACTIVE_ARCH = YES;
				SDKROOT = iphoneos;
				SWIFT_ACTIVE_COMPILATION_CONDITIONS = DEBUG;
				SWIFT_OPTIMIZATION_LEVEL = "-Onone";
			};
			name = Debug;
		};
		016A5D94204F90A200F99270 /* Release */ = {
			isa = XCBuildConfiguration;
			buildSettings = {
				ALWAYS_SEARCH_USER_PATHS = NO;
				CLANG_ANALYZER_NONNULL = YES;
				CLANG_ANALYZER_NUMBER_OBJECT_CONVERSION = YES_AGGRESSIVE;
				CLANG_CXX_LANGUAGE_STANDARD = "gnu++14";
				CLANG_CXX_LIBRARY = "libc++";
				CLANG_ENABLE_MODULES = YES;
				CLANG_ENABLE_OBJC_ARC = YES;
				CLANG_WARN_BLOCK_CAPTURE_AUTORELEASING = YES;
				CLANG_WARN_BOOL_CONVERSION = YES;
				CLANG_WARN_COMMA = YES;
				CLANG_WARN_CONSTANT_CONVERSION = YES;
				CLANG_WARN_DIRECT_OBJC_ISA_USAGE = YES_ERROR;
				CLANG_WARN_DOCUMENTATION_COMMENTS = YES;
				CLANG_WARN_EMPTY_BODY = YES;
				CLANG_WARN_ENUM_CONVERSION = YES;
				CLANG_WARN_INFINITE_RECURSION = YES;
				CLANG_WARN_INT_CONVERSION = YES;
				CLANG_WARN_NON_LITERAL_NULL_CONVERSION = YES;
				CLANG_WARN_OBJC_LITERAL_CONVERSION = YES;
				CLANG_WARN_OBJC_ROOT_CLASS = YES_ERROR;
				CLANG_WARN_RANGE_LOOP_ANALYSIS = YES;
				CLANG_WARN_STRICT_PROTOTYPES = YES;
				CLANG_WARN_SUSPICIOUS_MOVE = YES;
				CLANG_WARN_UNGUARDED_AVAILABILITY = YES_AGGRESSIVE;
				CLANG_WARN_UNREACHABLE_CODE = YES;
				CLANG_WARN__DUPLICATE_METHOD_MATCH = YES;
				CODE_SIGN_IDENTITY = "iPhone Developer";
				COPY_PHASE_STRIP = NO;
				DEBUG_INFORMATION_FORMAT = "dwarf-with-dsym";
				ENABLE_NS_ASSERTIONS = NO;
				ENABLE_STRICT_OBJC_MSGSEND = YES;
				GCC_C_LANGUAGE_STANDARD = gnu11;
				GCC_NO_COMMON_BLOCKS = YES;
				GCC_WARN_64_TO_32_BIT_CONVERSION = YES;
				GCC_WARN_ABOUT_RETURN_TYPE = YES_ERROR;
				GCC_WARN_UNDECLARED_SELECTOR = YES;
				GCC_WARN_UNINITIALIZED_AUTOS = YES_AGGRESSIVE;
				GCC_WARN_UNUSED_FUNCTION = YES;
				GCC_WARN_UNUSED_VARIABLE = YES;
				IPHONEOS_DEPLOYMENT_TARGET = 11.2;
				MTL_ENABLE_DEBUG_INFO = NO;
				SDKROOT = iphoneos;
				SWIFT_OPTIMIZATION_LEVEL = "-Owholemodule";
				VALIDATE_PRODUCT = YES;
			};
			name = Release;
		};
		016A5D96204F90A200F99270 /* Debug */ = {
			isa = XCBuildConfiguration;
			baseConfigurationReference = 6A9B1A48B702F6F6A79A6D61 /* Pods-Bada-apps.debug.xcconfig */;
			buildSettings = {
				ASSETCATALOG_COMPILER_APPICON_NAME = AppIcon;
				CODE_SIGN_STYLE = Automatic;
				DEVELOPMENT_TEAM = ZK45DE64XX;
				INFOPLIST_FILE = "Bada-apps/Info.plist";
				LD_RUNPATH_SEARCH_PATHS = "$(inherited) @executable_path/Frameworks";
				PRODUCT_BUNDLE_IDENTIFIER = "Bada.Bada-apps";
				PRODUCT_NAME = "$(TARGET_NAME)";
				SWIFT_VERSION = 4.0;
				TARGETED_DEVICE_FAMILY = "1,2";
			};
			name = Debug;
		};
		016A5D97204F90A200F99270 /* Release */ = {
			isa = XCBuildConfiguration;
			baseConfigurationReference = F90989D1879C53958F9B2920 /* Pods-Bada-apps.release.xcconfig */;
			buildSettings = {
				ASSETCATALOG_COMPILER_APPICON_NAME = AppIcon;
				CODE_SIGN_STYLE = Automatic;
				DEVELOPMENT_TEAM = ZK45DE64XX;
				INFOPLIST_FILE = "Bada-apps/Info.plist";
				LD_RUNPATH_SEARCH_PATHS = "$(inherited) @executable_path/Frameworks";
				PRODUCT_BUNDLE_IDENTIFIER = "Bada.Bada-apps";
				PRODUCT_NAME = "$(TARGET_NAME)";
				SWIFT_VERSION = 4.0;
				TARGETED_DEVICE_FAMILY = "1,2";
			};
			name = Release;
		};
/* End XCBuildConfiguration section */

/* Begin XCConfigurationList section */
		016A5D7E204F90A200F99270 /* Build configuration list for PBXProject "Bada-apps" */ = {
			isa = XCConfigurationList;
			buildConfigurations = (
				016A5D93204F90A200F99270 /* Debug */,
				016A5D94204F90A200F99270 /* Release */,
			);
			defaultConfigurationIsVisible = 0;
			defaultConfigurationName = Release;
		};
		016A5D95204F90A200F99270 /* Build configuration list for PBXNativeTarget "Bada-apps" */ = {
			isa = XCConfigurationList;
			buildConfigurations = (
				016A5D96204F90A200F99270 /* Debug */,
				016A5D97204F90A200F99270 /* Release */,
			);
			defaultConfigurationIsVisible = 0;
			defaultConfigurationName = Release;
		};
/* End XCConfigurationList section */
	};
	rootObject = 016A5D7B204F90A200F99270 /* Project object */;
}
